
Microsoft Visual Studio Solution File, Format Version 12.00
# Visual Studio 2012
Project("{FAE04EC0-301F-11D3-BF4B-00C04F79EFBC}") = "Calculator", "Calculator\Calculator.csproj", "{62A81118-1E73-4FF6-87CF-217E57D4A105}"
EndProject
Global
	GlobalSection(SolutionConfigurationPlatforms) = preSolution
		Debug|Any CPU = Debug|Any CPU
		Release|Any CPU = Release|Any CPU
	EndGlobalSection
	GlobalSection(ProjectConfigurationPlatforms) = postSolution
		{62A81118-1E73-4FF6-87CF-217E57D4A105}.Debug|Any CPU.ActiveCfg = Debug|Any CPU
		{62A81118-1E73-4FF6-87CF-217E57D4A105}.Debug|Any CPU.Build.0 = Debug|Any CPU
		{62A81118-1E73-4FF6-87CF-217E57D4A105}.Release|Any CPU.ActiveCfg = Release|Any CPU
		{62A81118-1E73-4FF6-87CF-217E57D4A105}.Release|Any CPU.Build.0 = Release|Any CPU
	EndGlobalSection
	GlobalSection(SolutionProperties) = preSolution
		HideSolutionNode = FALSE
	EndGlobalSection
EndGlobal
